
Microsoft Visual Studio Solution File, Format Version 12.00
# Visual Studio Version 16
VisualStudioVersion = 16.0.28803.156
MinimumVisualStudioVersion = 10.0.40219.1
Project("{FAE04EC0-301F-11D3-BF4B-00C04F79EFBC}") = "FreshToDo.Domain", "FreshTodo.Domain\FreshToDo.Domain.csproj", "{3CB27891-67BA-4BC3-B410-A584C9F3F4D8}"
EndProject
Project("{FAE04EC0-301F-11D3-BF4B-00C04F79EFBC}") = "FreshToDo.Application", "FreshToDo.Application\FreshToDo.Application.csproj", "{6B4AB85B-D94E-43FA-BA1E-A91566133B01}"
EndProject
Project("{FAE04EC0-301F-11D3-BF4B-00C04F79EFBC}") = "FreshToDo.Persistence", "FreshTodo.Persistence\FreshToDo.Persistence.csproj", "{37DB757B-C197-4CA3-AA7D-D9E5405D5AD2}"
EndProject
Project("{FAE04EC0-301F-11D3-BF4B-00C04F79EFBC}") = "FreshToDo.Presentation", "FreshToDo.Presentation\FreshToDo.Presentation.csproj", "{1417E81B-B03A-4644-9206-C13823708185}"
EndProject
Global
	GlobalSection(SolutionConfigurationPlatforms) = preSolution
		Debug|Any CPU = Debug|Any CPU
		Release|Any CPU = Release|Any CPU
	EndGlobalSection
	GlobalSection(ProjectConfigurationPlatforms) = postSolution
		{3CB27891-67BA-4BC3-B410-A584C9F3F4D8}.Debug|Any CPU.ActiveCfg = Debug|Any CPU
		{3CB27891-67BA-4BC3-B410-A584C9F3F4D8}.Debug|Any CPU.Build.0 = Debug|Any CPU
		{3CB27891-67BA-4BC3-B410-A584C9F3F4D8}.Release|Any CPU.ActiveCfg = Release|Any CPU
		{3CB27891-67BA-4BC3-B410-A584C9F3F4D8}.Release|Any CPU.Build.0 = Release|Any CPU
		{6B4AB85B-D94E-43FA-BA1E-A91566133B01}.Debug|Any CPU.ActiveCfg = Debug|Any CPU
		{6B4AB85B-D94E-43FA-BA1E-A91566133B01}.Debug|Any CPU.Build.0 = Debug|Any CPU
		{6B4AB85B-D94E-43FA-BA1E-A91566133B01}.Release|Any CPU.ActiveCfg = Release|Any CPU
		{6B4AB85B-D94E-43FA-BA1E-A91566133B01}.Release|Any CPU.Build.0 = Release|Any CPU
		{37DB757B-C197-4CA3-AA7D-D9E5405D5AD2}.Debug|Any CPU.ActiveCfg = Debug|Any CPU
		{37DB757B-C197-4CA3-AA7D-D9E5405D5AD2}.Debug|Any CPU.Build.0 = Debug|Any CPU
		{37DB757B-C197-4CA3-AA7D-D9E5405D5AD2}.Release|Any CPU.ActiveCfg = Release|Any CPU
		{37DB757B-C197-4CA3-AA7D-D9E5405D5AD2}.Release|Any CPU.Build.0 = Release|Any CPU
		{1417E81B-B03A-4644-9206-C13823708185}.Debug|Any CPU.ActiveCfg = Debug|Any CPU
		{1417E81B-B03A-4644-9206-C13823708185}.Debug|Any CPU.Build.0 = Debug|Any CPU
		{1417E81B-B03A-4644-9206-C13823708185}.Release|Any CPU.ActiveCfg = Release|Any CPU
		{1417E81B-B03A-4644-9206-C13823708185}.Release|Any CPU.Build.0 = Release|Any CPU
	EndGlobalSection
	GlobalSection(SolutionProperties) = preSolution
		HideSolutionNode = FALSE
	EndGlobalSection
	GlobalSection(ExtensibilityGlobals) = postSolution
		SolutionGuid = {9560F4F2-3039-4A25-8B88-93DEC1B93FAB}
	EndGlobalSection
EndGlobal
